// !$*UTF8*$!
{
	archiveVersion = 1;
	classes = {
	};
	objectVersion = 56;
	objects = {

/* Begin PBXBuildFile section */
		C26027BB29E849FA00DA0B12 /* AppDelegate.swift in Sources */ = {isa = PBXBuildFile; fileRef = C26027BA29E849FA00DA0B12 /* AppDelegate.swift */; };
		C26027BD29E849FA00DA0B12 /* SceneDelegate.swift in Sources */ = {isa = PBXBuildFile; fileRef = C26027BC29E849FA00DA0B12 /* SceneDelegate.swift */; };
		C26027BF29E849FA00DA0B12 /* ViewController.swift in Sources */ = {isa = PBXBuildFile; fileRef = C26027BE29E849FA00DA0B12 /* ViewController.swift */; };
		C26027C229E849FA00DA0B12 /* Main.storyboard in Resources */ = {isa = PBXBuildFile; fileRef = C26027C029E849FA00DA0B12 /* Main.storyboard */; };
		C26027C429E849FC00DA0B12 /* Assets.xcassets in Resources */ = {isa = PBXBuildFile; fileRef = C26027C329E849FC00DA0B12 /* Assets.xcassets */; };
		C26027C729E849FC00DA0B12 /* LaunchScreen.storyboard in Resources */ = {isa = PBXBuildFile; fileRef = C26027C529E849FC00DA0B12 /* LaunchScreen.storyboard */; };
		C2A4D7EA29E8587F00F1DC73 /* stevie.swift in Sources */ = {isa = PBXBuildFile; fileRef = C2A4D7E929E8587F00F1DC73 /* stevie.swift */; };
/* End PBXBuildFile section */

/* Begin PBXFileReference section */
		C26027B729E849FA00DA0B12 /* SET Group Project 2023.app */ = {isa = PBXFileReference; explicitFileType = wrapper.application; includeInIndex = 0; path = "SET Group Project 2023.app"; sourceTree = BUILT_PRODUCTS_DIR; };
		C26027BA29E849FA00DA0B12 /* AppDelegate.swift */ = {isa = PBXFileReference; lastKnownFileType = sourcecode.swift; path = AppDelegate.swift; sourceTree = "<group>"; };
		C26027BC29E849FA00DA0B12 /* SceneDelegate.swift */ = {isa = PBXFileReference; lastKnownFileType = sourcecode.swift; path = SceneDelegate.swift; sourceTree = "<group>"; };
		C26027BE29E849FA00DA0B12 /* ViewController.swift */ = {isa = PBXFileReference; lastKnownFileType = sourcecode.swift; path = ViewController.swift; sourceTree = "<group>"; };
		C26027C129E849FA00DA0B12 /* Base */ = {isa = PBXFileReference; lastKnownFileType = file.storyboard; name = Base; path = Base.lproj/Main.storyboard; sourceTree = "<group>"; };
		C26027C329E849FC00DA0B12 /* Assets.xcassets */ = {isa = PBXFileReference; lastKnownFileType = folder.assetcatalog; path = Assets.xcassets; sourceTree = "<group>"; };
		C26027C629E849FC00DA0B12 /* Base */ = {isa = PBXFileReference; lastKnownFileType = file.storyboard; name = Base; path = Base.lproj/LaunchScreen.storyboard; sourceTree = "<group>"; };
		C26027C829E849FC00DA0B12 /* Info.plist */ = {isa = PBXFileReference; lastKnownFileType = text.plist.xml; path = Info.plist; sourceTree = "<group>"; };
		C2A4D7E929E8587F00F1DC73 /* stevie.swift */ = {isa = PBXFileReference; lastKnownFileType = sourcecode.swift; path = stevie.swift; sourceTree = "<group>"; };
/* End PBXFileReference section */

/* Begin PBXFrameworksBuildPhase section */
		C26027B429E849FA00DA0B12 /* Frameworks */ = {
			isa = PBXFrameworksBuildPhase;
			buildActionMask = 2147483647;
			files = (
			);
			runOnlyForDeploymentPostprocessing = 0;
		};
/* End PBXFrameworksBuildPhase section */

/* Begin PBXGroup section */
		C26027AE29E849FA00DA0B12 = {
			isa = PBXGroup;
			children = (
				C26027B929E849FA00DA0B12 /* SET Group Project 2023 */,
				C26027B829E849FA00DA0B12 /* Products */,
			);
			sourceTree = "<group>";
		};
		C26027B829E849FA00DA0B12 /* Products */ = {
			isa = PBXGroup;
			children = (
				C26027B729E849FA00DA0B12 /* SET Group Project 2023.app */,
			);
			name = Products;
			sourceTree = "<group>";
		};
		C26027B929E849FA00DA0B12 /* SET Group Project 2023 */ = {
			isa = PBXGroup;
			children = (
				C26027BA29E849FA00DA0B12 /* AppDelegate.swift */,
				C26027BC29E849FA00DA0B12 /* SceneDelegate.swift */,
				C26027BE29E849FA00DA0B12 /* ViewController.swift */,
				C2A4D7E929E8587F00F1DC73 /* stevie.swift */,
				C26027C029E849FA00DA0B12 /* Main.storyboard */,
				C26027C329E849FC00DA0B12 /* Assets.xcassets */,
				C26027C529E849FC00DA0B12 /* LaunchScreen.storyboard */,
				C26027C829E849FC00DA0B12 /* Info.plist */,
			);
			path = "SET Group Project 2023";
			sourceTree = "<group>";
		};
/* End PBXGroup section */

/* Begin PBXNativeTarget section */
		C26027B629E849FA00DA0B12 /* SET Group Project 2023 */ = {
			isa = PBXNativeTarget;
			buildConfigurationList = C26027CB29E849FC00DA0B12 /* Build configuration list for PBXNativeTarget "SET Group Project 2023" */;
			buildPhases = (
				C26027B329E849FA00DA0B12 /* Sources */,
				C26027B429E849FA00DA0B12 /* Frameworks */,
				C26027B529E849FA00DA0B12 /* Resources */,
			);
			buildRules = (
			);
			dependencies = (
			);
			name = "SET Group Project 2023";
			productName = "SET Group Project 2023";
			productReference = C26027B729E849FA00DA0B12 /* SET Group Project 2023.app */;
			productType = "com.apple.product-type.application";
		};
/* End PBXNativeTarget section */

/* Begin PBXProject section */
		C26027AF29E849FA00DA0B12 /* Project object */ = {
			isa = PBXProject;
			attributes = {
				BuildIndependentTargetsInParallel = 1;
				LastSwiftUpdateCheck = 1400;
				LastUpgradeCheck = 1400;
				TargetAttributes = {
					C26027B629E849FA00DA0B12 = {
						CreatedOnToolsVersion = 14.0.1;
					};
				};
			};
			buildConfigurationList = C26027B229E849FA00DA0B12 /* Build configuration list for PBXProject "SET Group Project 2023" */;
			compatibilityVersion = "Xcode 14.0";
			developmentRegion = en;
			hasScannedForEncodings = 0;
			knownRegions = (
				en,
				Base,
			);
			mainGroup = C26027AE29E849FA00DA0B12;
			productRefGroup = C26027B829E849FA00DA0B12 /* Products */;
			projectDirPath = "";
			projectRoot = "";
			targets = (
				C26027B629E849FA00DA0B12 /* SET Group Project 2023 */,
			);
		};
/* End PBXProject section */

/* Begin PBXResourcesBuildPhase section */
		C26027B529E849FA00DA0B12 /* Resources */ = {
			isa = PBXResourcesBuildPhase;
			buildActionMask = 2147483647;
			files = (
				C26027C729E849FC00DA0B12 /* LaunchScreen.storyboard in Resources */,
				C26027C429E849FC00DA0B12 /* Assets.xcassets in Resources */,
				C26027C229E849FA00DA0B12 /* Main.storyboard in Resources */,
			);
			runOnlyForDeploymentPostprocessing = 0;
		};
/* End PBXResourcesBuildPhase section */

/* Begin PBXSourcesBuildPhase section */
		C26027B329E849FA00DA0B12 /* Sources */ = {
			isa = PBXSourcesBuildPhase;
			buildActionMask = 2147483647;
			files = (
				C26027BF29E849FA00DA0B12 /* ViewController.swift in Sources */,
				C26027BB29E849FA00DA0B12 /* AppDelegate.swift in Sources */,
				C26027BD29E849FA00DA0B12 /* SceneDelegate.swift in Sources */,
				C2A4D7EA29E8587F00F1DC73 /* stevie.swift in Sources */,
			);
			runOnlyForDeploymentPostprocessing = 0;
		};
/* End PBXSourcesBuildPhase section */

/* Begin PBXVariantGroup section */
		C26027C029E849FA00DA0B12 /* Main.storyboard */ = {
			isa = PBXVariantGroup;
			children = (
				C26027C129E849FA00DA0B12 /* Base */,
			);
			name = Main.storyboard;
			sourceTree = "<group>";
		};
		C26027C529E849FC00DA0B12 /* LaunchScreen.storyboard */ = {
			isa = PBXVariantGroup;
			children = (
				C26027C629E849FC00DA0B12 /* Base */,
			);
			name = LaunchScreen.storyboard;
			sourceTree = "<group>";
		};
/* End PBXVariantGroup section */

/* Begin XCBuildConfiguration section */
		C26027C929E849FC00DA0B12 /* Debug */ = {
			isa = XCBuildConfiguration;
			buildSettings = {
				ALWAYS_SEARCH_USER_PATHS = NO;
				CLANG_ANALYZER_NONNULL = YES;
				CLANG_ANALYZER_NUMBER_OBJECT_CONVERSION = YES_AGGRESSIVE;
				CLANG_CXX_LANGUAGE_STANDARD = "gnu++20";
				CLANG_ENABLE_MODULES = YES;
				CLANG_ENABLE_OBJC_ARC = YES;
				CLANG_ENABLE_OBJC_WEAK = YES;
				CLANG_WARN_BLOCK_CAPTURE_AUTORELEASING = YES;
				CLANG_WARN_BOOL_CONVERSION = YES;
				CLANG_WARN_COMMA = YES;
				CLANG_WARN_CONSTANT_CONVERSION = YES;
				CLANG_WARN_DEPRECATED_OBJC_IMPLEMENTATIONS = YES;
				CLANG_WARN_DIRECT_OBJC_ISA_USAGE = YES_ERROR;
				CLANG_WARN_DOCUMENTATION_COMMENTS = YES;
				CLANG_WARN_EMPTY_BODY = YES;
				CLANG_WARN_ENUM_CONVERSION = YES;
				CLANG_WARN_INFINITE_RECURSION = YES;
				CLANG_WARN_INT_CONVERSION = YES;
				CLANG_WARN_NON_LITERAL_NULL_CONVERSION = YES;
				CLANG_WARN_OBJC_IMPLICIT_RETAIN_SELF = YES;
				CLANG_WARN_OBJC_LITERAL_CONVERSION = YES;
				CLANG_WARN_OBJC_ROOT_CLASS = YES_ERROR;
				CLANG_WARN_QUOTED_INCLUDE_IN_FRAMEWORK_HEADER = YES;
				CLANG_WARN_RANGE_LOOP_ANALYSIS = YES;
				CLANG_WARN_STRICT_PROTOTYPES = YES;
				CLANG_WARN_SUSPICIOUS_MOVE = YES;
				CLANG_WARN_UNGUARDED_AVAILABILITY = YES_AGGRESSIVE;
				CLANG_WARN_UNREACHABLE_CODE = YES;
				CLANG_WARN__DUPLICATE_METHOD_MATCH = YES;
				COPY_PHASE_STRIP = NO;
				DEBUG_INFORMATION_FORMAT = dwarf;
				ENABLE_STRICT_OBJC_MSGSEND = YES;
				ENABLE_TESTABILITY = YES;
				GCC_C_LANGUAGE_STANDARD = gnu11;
				GCC_DYNAMIC_NO_PIC = NO;
				GCC_NO_COMMON_BLOCKS = YES;
				GCC_OPTIMIZATION_LEVEL = 0;
				GCC_PREPROCESSOR_DEFINITIONS = (
					"DEBUG=1",
					"$(inherited)",
				);
				GCC_WARN_64_TO_32_BIT_CONVERSION = YES;
				GCC_WARN_ABOUT_RETURN_TYPE = YES_ERROR;
				GCC_WARN_UNDECLARED_SELECTOR = YES;
				GCC_WARN_UNINITIALIZED_AUTOS = YES_AGGRESSIVE;
				GCC_WARN_UNUSED_FUNCTION = YES;
				GCC_WARN_UNUSED_VARIABLE = YES;
				IPHONEOS_DEPLOYMENT_TARGET = 16.0;
				MTL_ENABLE_DEBUG_INFO = INCLUDE_SOURCE;
				MTL_FAST_MATH = YES;
				ONLY_ACTIVE_ARCH = YES;
				SDKROOT = iphoneos;
				SWIFT_ACTIVE_COMPILATION_CONDITIONS = DEBUG;
				SWIFT_OPTIMIZATION_LEVEL = "-Onone";
			};
			name = Debug;
		};
		C26027CA29E849FC00DA0B12 /* Release */ = {
			isa = XCBuildConfiguration;
			buildSettings = {
				ALWAYS_SEARCH_USER_PATHS = NO;
				CLANG_ANALYZER_NONNULL = YES;
				CLANG_ANALYZER_NUMBER_OBJECT_CONVERSION = YES_AGGRESSIVE;
				CLANG_CXX_LANGUAGE_STANDARD = "gnu++20";
				CLANG_ENABLE_MODULES = YES;
				CLANG_ENABLE_OBJC_ARC = YES;
				CLANG_ENABLE_OBJC_WEAK = YES;
				CLANG_WARN_BLOCK_CAPTURE_AUTORELEASING = YES;
				CLANG_WARN_BOOL_CONVERSION = YES;
				CLANG_WARN_COMMA = YES;
				CLANG_WARN_CONSTANT_CONVERSION = YES;
				CLANG_WARN_DEPRECATED_OBJC_IMPLEMENTATIONS = YES;
				CLANG_WARN_DIRECT_OBJC_ISA_USAGE = YES_ERROR;
				CLANG_WARN_DOCUMENTATION_COMMENTS = YES;
				CLANG_WARN_EMPTY_BODY = YES;
				CLANG_WARN_ENUM_CONVERSION = YES;
				CLANG_WARN_INFINITE_RECURSION = YES;
				CLANG_WARN_INT_CONVERSION = YES;
				CLANG_WARN_NON_LITERAL_NULL_CONVERSION = YES;
				CLANG_WARN_OBJC_IMPLICIT_RETAIN_SELF = YES;
				CLANG_WARN_OBJC_LITERAL_CONVERSION = YES;
				CLANG_WARN_OBJC_ROOT_CLASS = YES_ERROR;
				CLANG_WARN_QUOTED_INCLUDE_IN_FRAMEWORK_HEADER = YES;
				CLANG_WARN_RANGE_LOOP_ANALYSIS = YES;
				CLANG_WARN_STRICT_PROTOTYPES = YES;
				CLANG_WARN_SUSPICIOUS_MOVE = YES;
				CLANG_WARN_UNGUARDED_AVAILABILITY = YES_AGGRESSIVE;
				CLANG_WARN_UNREACHABLE_CODE = YES;
				CLANG_WARN__DUPLICATE_METHOD_MATCH = YES;
				COPY_PHASE_STRIP = NO;
				DEBUG_INFORMATION_FORMAT = "dwarf-with-dsym";
				ENABLE_NS_ASSERTIONS = NO;
				ENABLE_STRICT_OBJC_MSGSEND = YES;
				GCC_C_LANGUAGE_STANDARD = gnu11;
				GCC_NO_COMMON_BLOCKS = YES;
				GCC_WARN_64_TO_32_BIT_CONVERSION = YES;
				GCC_WARN_ABOUT_RETURN_TYPE = YES_ERROR;
				GCC_WARN_UNDECLARED_SELECTOR = YES;
				GCC_WARN_UNINITIALIZED_AUTOS = YES_AGGRESSIVE;
				GCC_WARN_UNUSED_FUNCTION = YES;
				GCC_WARN_UNUSED_VARIABLE = YES;
				IPHONEOS_DEPLOYMENT_TARGET = 16.0;
				MTL_ENABLE_DEBUG_INFO = NO;
				MTL_FAST_MATH = YES;
				SDKROOT = iphoneos;
				SWIFT_COMPILATION_MODE = wholemodule;
				SWIFT_OPTIMIZATION_LEVEL = "-O";
				VALIDATE_PRODUCT = YES;
			};
			name = Release;
		};
		C26027CC29E849FC00DA0B12 /* Debug */ = {
			isa = XCBuildConfiguration;
			buildSettings = {
				ASSETCATALOG_COMPILER_APPICON_NAME = AppIcon;
				ASSETCATALOG_COMPILER_GLOBAL_ACCENT_COLOR_NAME = AccentColor;
				CODE_SIGN_STYLE = Automatic;
				CURRENT_PROJECT_VERSION = 1;
				DEVELOPMENT_TEAM = GBG6DT3V62;
				GENERATE_INFOPLIST_FILE = YES;
				INFOPLIST_FILE = "SET Group Project 2023/Info.plist";
				INFOPLIST_KEY_UIApplicationSupportsIndirectInputEvents = YES;
				INFOPLIST_KEY_UILaunchStoryboardName = LaunchScreen;
				INFOPLIST_KEY_UIMainStoryboardFile = Main;
				INFOPLIST_KEY_UISupportedInterfaceOrientations_iPad = "UIInterfaceOrientationPortrait UIInterfaceOrientationPortraitUpsideDown UIInterfaceOrientationLandscapeLeft UIInterfaceOrientationLandscapeRight";
				INFOPLIST_KEY_UISupportedInterfaceOrientations_iPhone = "UIInterfaceOrientationPortrait UIInterfaceOrientationLandscapeLeft UIInterfaceOrientationLandscapeRight";
				LD_RUNPATH_SEARCH_PATHS = (
					"$(inherited)",
					"@executable_path/Frameworks",
				);
				MARKETING_VERSION = 1.0;
				PRODUCT_BUNDLE_IDENTIFIER = "com.Group.Project.Stevie.Easton.Tyler.SET-Group-Project-2023";
				PRODUCT_NAME = "$(TARGET_NAME)";
				SWIFT_EMIT_LOC_STRINGS = YES;
				SWIFT_VERSION = 5.0;
				TARGETED_DEVICE_FAMILY = "1,2";
			};
			name = Debug;
		};
		C26027CD29E849FC00DA0B12 /* Release */ = {
			isa = XCBuildConfiguration;
			buildSettings = {
				ASSETCATALOG_COMPILER_APPICON_NAME = AppIcon;
				ASSETCATALOG_COMPILER_GLOBAL_ACCENT_COLOR_NAME = AccentColor;
				CODE_SIGN_STYLE = Automatic;
				CURRENT_PROJECT_VERSION = 1;
				DEVELOPMENT_TEAM = GBG6DT3V62;
				GENERATE_INFOPLIST_FILE = YES;
				INFOPLIST_FILE = "SET Group Project 2023/Info.plist";
				INFOPLIST_KEY_UIApplicationSupportsIndirectInputEvents = YES;
				INFOPLIST_KEY_UILaunchStoryboardName = LaunchScreen;
				INFOPLIST_KEY_UIMainStoryboardFile = Main;
				INFOPLIST_KEY_UISupportedInterfaceOrientations_iPad = "UIInterfaceOrientationPortrait UIInterfaceOrientationPortraitUpsideDown UIInterfaceOrientationLandscapeLeft UIInterfaceOrientationLandscapeRight";
				INFOPLIST_KEY_UISupportedInterfaceOrientations_iPhone = "UIInterfaceOrientationPortrait UIInterfaceOrientationLandscapeLeft UIInterfaceOrientationLandscapeRight";
				LD_RUNPATH_SEARCH_PATHS = (
					"$(inherited)",
					"@executable_path/Frameworks",
				);
				MARKETING_VERSION = 1.0;
				PRODUCT_BUNDLE_IDENTIFIER = "com.Group.Project.Stevie.Easton.Tyler.SET-Group-Project-2023";
				PRODUCT_NAME = "$(TARGET_NAME)";
				SWIFT_EMIT_LOC_STRINGS = YES;
				SWIFT_VERSION = 5.0;
				TARGETED_DEVICE_FAMILY = "1,2";
			};
			name = Release;
		};
/* End XCBuildConfiguration section */

/* Begin XCConfigurationList section */
		C26027B229E849FA00DA0B12 /* Build configuration list for PBXProject "SET Group Project 2023" */ = {
			isa = XCConfigurationList;
			buildConfigurations = (
				C26027C929E849FC00DA0B12 /* Debug */,
				C26027CA29E849FC00DA0B12 /* Release */,
			);
			defaultConfigurationIsVisible = 0;
			defaultConfigurationName = Release;
		};
		C26027CB29E849FC00DA0B12 /* Build configuration list for PBXNativeTarget "SET Group Project 2023" */ = {
			isa = XCConfigurationList;
			buildConfigurations = (
				C26027CC29E849FC00DA0B12 /* Debug */,
				C26027CD29E849FC00DA0B12 /* Release */,
			);
			defaultConfigurationIsVisible = 0;
			defaultConfigurationName = Release;
		};
/* End XCConfigurationList section */
	};
	rootObject = C26027AF29E849FA00DA0B12 /* Project object */;
}
